
Microsoft Visual Studio Solution File, Format Version 12.00
# Visual Studio Version 17
VisualStudioVersion = 17.8.34309.116
MinimumVisualStudioVersion = 10.0.40219.1
Project("{FAE04EC0-301F-11D3-BF4B-00C04F79EFBC}") = "FirstApp", "FirstApp\FirstApp.csproj", "{518EA5DA-9306-45AB-8850-6CADB3A10F9A}"
EndProject
Global
	GlobalSection(SolutionConfigurationPlatforms) = preSolution
		Debug|Any CPU = Debug|Any CPU
		Release|Any CPU = Release|Any CPU
	EndGlobalSection
	GlobalSection(ProjectConfigurationPlatforms) = postSolution
		{518EA5DA-9306-45AB-8850-6CADB3A10F9A}.Debug|Any CPU.ActiveCfg = Debug|Any CPU
		{518EA5DA-9306-45AB-8850-6CADB3A10F9A}.Debug|Any CPU.Build.0 = Debug|Any CPU
		{518EA5DA-9306-45AB-8850-6CADB3A10F9A}.Release|Any CPU.ActiveCfg = Release|Any CPU
		{518EA5DA-9306-45AB-8850-6CADB3A10F9A}.Release|Any CPU.Build.0 = Release|Any CPU
	EndGlobalSection
	GlobalSection(SolutionProperties) = preSolution
		HideSolutionNode = FALSE
	EndGlobalSection
	GlobalSection(ExtensibilityGlobals) = postSolution
		SolutionGuid = {AB356FB0-9D37-4565-8D4E-B908271B6332}
	EndGlobalSection
EndGlobal
